
Microsoft Visual Studio Solution File, Format Version 12.00
# Visual Studio Version 17
VisualStudioVersion = 17.8.34330.188
MinimumVisualStudioVersion = 10.0.40219.1
Project("{9A19103F-16F7-4668-BE54-9A1E7A4F7556}") = "DresstoImpress", "DresstoImpress\DresstoImpress.csproj", "{AAD89338-919B-4470-A960-4411D5B72E11}"
EndProject
Project("{9A19103F-16F7-4668-BE54-9A1E7A4F7556}") = "DresstoImpressAPI2", "DresstoImpressAPI2\DresstoImpressAPI2.csproj", "{582CCD7A-DCD3-456E-8755-6822C87BC2B0}"
EndProject
Global
	GlobalSection(SolutionConfigurationPlatforms) = preSolution
		Debug|Any CPU = Debug|Any CPU
		Release|Any CPU = Release|Any CPU
	EndGlobalSection
	GlobalSection(ProjectConfigurationPlatforms) = postSolution
		{AAD89338-919B-4470-A960-4411D5B72E11}.Debug|Any CPU.ActiveCfg = Debug|Any CPU
		{AAD89338-919B-4470-A960-4411D5B72E11}.Debug|Any CPU.Build.0 = Debug|Any CPU
		{AAD89338-919B-4470-A960-4411D5B72E11}.Release|Any CPU.ActiveCfg = Release|Any CPU
		{AAD89338-919B-4470-A960-4411D5B72E11}.Release|Any CPU.Build.0 = Release|Any CPU
		{582CCD7A-DCD3-456E-8755-6822C87BC2B0}.Debug|Any CPU.ActiveCfg = Debug|Any CPU
		{582CCD7A-DCD3-456E-8755-6822C87BC2B0}.Debug|Any CPU.Build.0 = Debug|Any CPU
		{582CCD7A-DCD3-456E-8755-6822C87BC2B0}.Release|Any CPU.ActiveCfg = Release|Any CPU
		{582CCD7A-DCD3-456E-8755-6822C87BC2B0}.Release|Any CPU.Build.0 = Release|Any CPU
	EndGlobalSection
	GlobalSection(SolutionProperties) = preSolution
		HideSolutionNode = FALSE
	EndGlobalSection
	GlobalSection(ExtensibilityGlobals) = postSolution
		SolutionGuid = {32BE4A17-658D-488F-9F55-F9A38383A754}
	EndGlobalSection
EndGlobal
